// !$*UTF8*$!
{
	archiveVersion = 1;
	classes = {
	};
	objectVersion = 48;
	objects = {

/* Begin PBXBuildFile section */
		1421E316209B0DA900A4C208 /* main.m in Sources */ = {isa = PBXBuildFile; fileRef = 1421E315209B0DA900A4C208 /* main.m */; };
		1421E335209B0DE700A4C208 /* AViewController.m in Sources */ = {isa = PBXBuildFile; fileRef = 1421E31C209B0DE600A4C208 /* AViewController.m */; };
		1421E336209B0DE700A4C208 /* CViewController.m in Sources */ = {isa = PBXBuildFile; fileRef = 1421E31E209B0DE600A4C208 /* CViewController.m */; };
		1421E337209B0DE700A4C208 /* AppDelegate.m in Sources */ = {isa = PBXBuildFile; fileRef = 1421E31F209B0DE600A4C208 /* AppDelegate.m */; };
		1421E338209B0DE700A4C208 /* EViewController.m in Sources */ = {isa = PBXBuildFile; fileRef = 1421E320209B0DE600A4C208 /* EViewController.m */; };
		1421E339209B0DE700A4C208 /* Assets.xcassets in Resources */ = {isa = PBXBuildFile; fileRef = 1421E321209B0DE600A4C208 /* Assets.xcassets */; };
		1421E33A209B0DE700A4C208 /* DViewController.m in Sources */ = {isa = PBXBuildFile; fileRef = 1421E322209B0DE600A4C208 /* DViewController.m */; };
		1421E33B209B0DE700A4C208 /* BViewController.m in Sources */ = {isa = PBXBuildFile; fileRef = 1421E325209B0DE700A4C208 /* BViewController.m */; };
		1421E33C209B0DE800A4C208 /* SCNavigationController.m in Sources */ = {isa = PBXBuildFile; fileRef = 1421E328209B0DE700A4C208 /* SCNavigationController.m */; };
		1421E33D209B0DE800A4C208 /* UIScrollView+PopGesture.m in Sources */ = {isa = PBXBuildFile; fileRef = 1421E32A209B0DE700A4C208 /* UIScrollView+PopGesture.m */; };
		1421E33E209B0DE800A4C208 /* UIViewController+Navigation.m in Sources */ = {isa = PBXBuildFile; fileRef = 1421E32C209B0DE700A4C208 /* UIViewController+Navigation.m */; };
		1421E34D209B0E3500A4C208 /* Main.storyboard in Resources */ = {isa = PBXBuildFile; fileRef = 1421E34B209B0E3500A4C208 /* Main.storyboard */; };
		1421E34E209B0E3500A4C208 /* LaunchScreen.storyboard in Resources */ = {isa = PBXBuildFile; fileRef = 1421E34C209B0E3500A4C208 /* LaunchScreen.storyboard */; };
/* End PBXBuildFile section */

/* Begin PBXFileReference section */
		1421E303209B0DA900A4C208 /* NavBack.app */ = {isa = PBXFileReference; explicitFileType = wrapper.application; includeInIndex = 0; path = NavBack.app; sourceTree = BUILT_PRODUCTS_DIR; };
		1421E314209B0DA900A4C208 /* Info.plist */ = {isa = PBXFileReference; lastKnownFileType = text.plist.xml; path = Info.plist; sourceTree = "<group>"; };
		1421E315209B0DA900A4C208 /* main.m */ = {isa = PBXFileReference; lastKnownFileType = sourcecode.c.objc; path = main.m; sourceTree = "<group>"; };
		1421E31C209B0DE600A4C208 /* AViewController.m */ = {isa = PBXFileReference; fileEncoding = 4; lastKnownFileType = sourcecode.c.objc; path = AViewController.m; sourceTree = "<group>"; };
		1421E31D209B0DE600A4C208 /* CViewController.h */ = {isa = PBXFileReference; fileEncoding = 4; lastKnownFileType = sourcecode.c.h; path = CViewController.h; sourceTree = "<group>"; };
		1421E31E209B0DE600A4C208 /* CViewController.m */ = {isa = PBXFileReference; fileEncoding = 4; lastKnownFileType = sourcecode.c.objc; path = CViewController.m; sourceTree = "<group>"; };
		1421E31F209B0DE600A4C208 /* AppDelegate.m */ = {isa = PBXFileReference; fileEncoding = 4; lastKnownFileType = sourcecode.c.objc; path = AppDelegate.m; sourceTree = "<group>"; };
		1421E320209B0DE600A4C208 /* EViewController.m */ = {isa = PBXFileReference; fileEncoding = 4; lastKnownFileType = sourcecode.c.objc; path = EViewController.m; sourceTree = "<group>"; };
		1421E321209B0DE600A4C208 /* Assets.xcassets */ = {isa = PBXFileReference; lastKnownFileType = folder.assetcatalog; path = Assets.xcassets; sourceTree = "<group>"; };
		1421E322209B0DE600A4C208 /* DViewController.m */ = {isa = PBXFileReference; fileEncoding = 4; lastKnownFileType = sourcecode.c.objc; path = DViewController.m; sourceTree = "<group>"; };
		1421E323209B0DE600A4C208 /* AViewController.h */ = {isa = PBXFileReference; fileEncoding = 4; lastKnownFileType = sourcecode.c.h; path = AViewController.h; sourceTree = "<group>"; };
		1421E324209B0DE700A4C208 /* BViewController.h */ = {isa = PBXFileReference; fileEncoding = 4; lastKnownFileType = sourcecode.c.h; path = BViewController.h; sourceTree = "<group>"; };
		1421E325209B0DE700A4C208 /* BViewController.m */ = {isa = PBXFileReference; fileEncoding = 4; lastKnownFileType = sourcecode.c.objc; path = BViewController.m; sourceTree = "<group>"; };
		1421E327209B0DE700A4C208 /* SCNavigationController.h */ = {isa = PBXFileReference; fileEncoding = 4; lastKnownFileType = sourcecode.c.h; path = SCNavigationController.h; sourceTree = "<group>"; };
		1421E328209B0DE700A4C208 /* SCNavigationController.m */ = {isa = PBXFileReference; fileEncoding = 4; lastKnownFileType = sourcecode.c.objc; path = SCNavigationController.m; sourceTree = "<group>"; };
		1421E329209B0DE700A4C208 /* UIScrollView+PopGesture.h */ = {isa = PBXFileReference; fileEncoding = 4; lastKnownFileType = sourcecode.c.h; path = "UIScrollView+PopGesture.h"; sourceTree = "<group>"; };
		1421E32A209B0DE700A4C208 /* UIScrollView+PopGesture.m */ = {isa = PBXFileReference; fileEncoding = 4; lastKnownFileType = sourcecode.c.objc; path = "UIScrollView+PopGesture.m"; sourceTree = "<group>"; };
		1421E32B209B0DE700A4C208 /* UIViewController+Navigation.h */ = {isa = PBXFileReference; fileEncoding = 4; lastKnownFileType = sourcecode.c.h; path = "UIViewController+Navigation.h"; sourceTree = "<group>"; };
		1421E32C209B0DE700A4C208 /* UIViewController+Navigation.m */ = {isa = PBXFileReference; fileEncoding = 4; lastKnownFileType = sourcecode.c.objc; path = "UIViewController+Navigation.m"; sourceTree = "<group>"; };
		1421E332209B0DE700A4C208 /* DViewController.h */ = {isa = PBXFileReference; fileEncoding = 4; lastKnownFileType = sourcecode.c.h; path = DViewController.h; sourceTree = "<group>"; };
		1421E333209B0DE700A4C208 /* AppDelegate.h */ = {isa = PBXFileReference; fileEncoding = 4; lastKnownFileType = sourcecode.c.h; path = AppDelegate.h; sourceTree = "<group>"; };
		1421E334209B0DE700A4C208 /* EViewController.h */ = {isa = PBXFileReference; fileEncoding = 4; lastKnownFileType = sourcecode.c.h; path = EViewController.h; sourceTree = "<group>"; };
		1421E34B209B0E3500A4C208 /* Main.storyboard */ = {isa = PBXFileReference; fileEncoding = 4; lastKnownFileType = file.storyboard; path = Main.storyboard; sourceTree = "<group>"; };
		1421E34C209B0E3500A4C208 /* LaunchScreen.storyboard */ = {isa = PBXFileReference; fileEncoding = 4; lastKnownFileType = file.storyboard; path = LaunchScreen.storyboard; sourceTree = "<group>"; };
/* End PBXFileReference section */

/* Begin PBXFrameworksBuildPhase section */
		1421E300209B0DA900A4C208 /* Frameworks */ = {
			isa = PBXFrameworksBuildPhase;
			buildActionMask = 2147483647;
			files = (
			);
			runOnlyForDeploymentPostprocessing = 0;
		};
/* End PBXFrameworksBuildPhase section */

/* Begin PBXGroup section */
		1421E2FA209B0DA900A4C208 = {
			isa = PBXGroup;
			children = (
				1421E305209B0DA900A4C208 /* NavBack */,
				1421E304209B0DA900A4C208 /* Products */,
			);
			sourceTree = "<group>";
		};
		1421E304209B0DA900A4C208 /* Products */ = {
			isa = PBXGroup;
			children = (
				1421E303209B0DA900A4C208 /* NavBack.app */,
			);
			name = Products;
			sourceTree = "<group>";
		};
		1421E305209B0DA900A4C208 /* NavBack */ = {
			isa = PBXGroup;
			children = (
				1421E326209B0DE700A4C208 /* utility */,
				1421E34B209B0E3500A4C208 /* Main.storyboard */,
				1421E333209B0DE700A4C208 /* AppDelegate.h */,
				1421E31F209B0DE600A4C208 /* AppDelegate.m */,
				1421E323209B0DE600A4C208 /* AViewController.h */,
				1421E31C209B0DE600A4C208 /* AViewController.m */,
				1421E324209B0DE700A4C208 /* BViewController.h */,
				1421E325209B0DE700A4C208 /* BViewController.m */,
				1421E31D209B0DE600A4C208 /* CViewController.h */,
				1421E31E209B0DE600A4C208 /* CViewController.m */,
				1421E332209B0DE700A4C208 /* DViewController.h */,
				1421E322209B0DE600A4C208 /* DViewController.m */,
				1421E334209B0DE700A4C208 /* EViewController.h */,
				1421E320209B0DE600A4C208 /* EViewController.m */,
				1421E321209B0DE600A4C208 /* Assets.xcassets */,
				1421E314209B0DA900A4C208 /* Info.plist */,
				1421E315209B0DA900A4C208 /* main.m */,
				1421E34C209B0E3500A4C208 /* LaunchScreen.storyboard */,
			);
			path = NavBack;
			sourceTree = "<group>";
		};
		1421E326209B0DE700A4C208 /* utility */ = {
			isa = PBXGroup;
			children = (
				1421E327209B0DE700A4C208 /* SCNavigationController.h */,
				1421E328209B0DE700A4C208 /* SCNavigationController.m */,
				1421E329209B0DE700A4C208 /* UIScrollView+PopGesture.h */,
				1421E32A209B0DE700A4C208 /* UIScrollView+PopGesture.m */,
				1421E32B209B0DE700A4C208 /* UIViewController+Navigation.h */,
				1421E32C209B0DE700A4C208 /* UIViewController+Navigation.m */,
			);
			path = utility;
			sourceTree = "<group>";
		};
/* End PBXGroup section */

/* Begin PBXNativeTarget section */
		1421E302209B0DA900A4C208 /* NavBack */ = {
			isa = PBXNativeTarget;
			buildConfigurationList = 1421E319209B0DA900A4C208 /* Build configuration list for PBXNativeTarget "NavBack" */;
			buildPhases = (
				1421E2FF209B0DA900A4C208 /* Sources */,
				1421E300209B0DA900A4C208 /* Frameworks */,
				1421E301209B0DA900A4C208 /* Resources */,
			);
			buildRules = (
			);
			dependencies = (
			);
			name = NavBack;
			productName = NavBack;
			productReference = 1421E303209B0DA900A4C208 /* NavBack.app */;
			productType = "com.apple.product-type.application";
		};
/* End PBXNativeTarget section */

/* Begin PBXProject section */
		1421E2FB209B0DA900A4C208 /* Project object */ = {
			isa = PBXProject;
			attributes = {
				LastUpgradeCheck = 0920;
				ORGANIZATIONNAME = "成";
				TargetAttributes = {
					1421E302209B0DA900A4C208 = {
						CreatedOnToolsVersion = 9.2;
						ProvisioningStyle = Automatic;
					};
				};
			};
			buildConfigurationList = 1421E2FE209B0DA900A4C208 /* Build configuration list for PBXProject "NavBack" */;
			compatibilityVersion = "Xcode 8.0";
			developmentRegion = en;
			hasScannedForEncodings = 0;
			knownRegions = (
				en,
				Base,
			);
			mainGroup = 1421E2FA209B0DA900A4C208;
			productRefGroup = 1421E304209B0DA900A4C208 /* Products */;
			projectDirPath = "";
			projectRoot = "";
			targets = (
				1421E302209B0DA900A4C208 /* NavBack */,
			);
		};
/* End PBXProject section */

/* Begin PBXResourcesBuildPhase section */
		1421E301209B0DA900A4C208 /* Resources */ = {
			isa = PBXResourcesBuildPhase;
			buildActionMask = 2147483647;
			files = (
				1421E34E209B0E3500A4C208 /* LaunchScreen.storyboard in Resources */,
				1421E339209B0DE700A4C208 /* Assets.xcassets in Resources */,
				1421E34D209B0E3500A4C208 /* Main.storyboard in Resources */,
			);
			runOnlyForDeploymentPostprocessing = 0;
		};
/* End PBXResourcesBuildPhase section */

/* Begin PBXSourcesBuildPhase section */
		1421E2FF209B0DA900A4C208 /* Sources */ = {
			isa = PBXSourcesBuildPhase;
			buildActionMask = 2147483647;
			files = (
				1421E33B209B0DE700A4C208 /* BViewController.m in Sources */,
				1421E337209B0DE700A4C208 /* AppDelegate.m in Sources */,
				1421E335209B0DE700A4C208 /* AViewController.m in Sources */,
				1421E316209B0DA900A4C208 /* main.m in Sources */,
				1421E33A209B0DE700A4C208 /* DViewController.m in Sources */,
				1421E33C209B0DE800A4C208 /* SCNavigationController.m in Sources */,
				1421E33E209B0DE800A4C208 /* UIViewController+Navigation.m in Sources */,
				1421E33D209B0DE800A4C208 /* UIScrollView+PopGesture.m in Sources */,
				1421E336209B0DE700A4C208 /* CViewController.m in Sources */,
				1421E338209B0DE700A4C208 /* EViewController.m in Sources */,
			);
			runOnlyForDeploymentPostprocessing = 0;
		};
/* End PBXSourcesBuildPhase section */

/* Begin XCBuildConfiguration section */
		1421E317209B0DA900A4C208 /* Debug */ = {
			isa = XCBuildConfiguration;
			buildSettings = {
				ALWAYS_SEARCH_USER_PATHS = NO;
				CLANG_ANALYZER_NONNULL = YES;
				CLANG_ANALYZER_NUMBER_OBJECT_CONVERSION = YES_AGGRESSIVE;
				CLANG_CXX_LANGUAGE_STANDARD = "gnu++14";
				CLANG_CXX_LIBRARY = "libc++";
				CLANG_ENABLE_MODULES = YES;
				CLANG_ENABLE_OBJC_ARC = YES;
				CLANG_WARN_BLOCK_CAPTURE_AUTORELEASING = YES;
				CLANG_WARN_BOOL_CONVERSION = YES;
				CLANG_WARN_COMMA = YES;
				CLANG_WARN_CONSTANT_CONVERSION = YES;
				CLANG_WARN_DIRECT_OBJC_ISA_USAGE = YES_ERROR;
				CLANG_WARN_DOCUMENTATION_COMMENTS = YES;
				CLANG_WARN_EMPTY_BODY = YES;
				CLANG_WARN_ENUM_CONVERSION = YES;
				CLANG_WARN_INFINITE_RECURSION = YES;
				CLANG_WARN_INT_CONVERSION = YES;
				CLANG_WARN_NON_LITERAL_NULL_CONVERSION = YES;
				CLANG_WARN_OBJC_LITERAL_CONVERSION = YES;
				CLANG_WARN_OBJC_ROOT_CLASS = YES_ERROR;
				CLANG_WARN_RANGE_LOOP_ANALYSIS = YES;
				CLANG_WARN_STRICT_PROTOTYPES = YES;
				CLANG_WARN_SUSPICIOUS_MOVE = YES;
				CLANG_WARN_UNGUARDED_AVAILABILITY = YES_AGGRESSIVE;
				CLANG_WARN_UNREACHABLE_CODE = YES;
				CLANG_WARN__DUPLICATE_METHOD_MATCH = YES;
				CODE_SIGN_IDENTITY = "iPhone Developer";
				COPY_PHASE_STRIP = NO;
				DEBUG_INFORMATION_FORMAT = dwarf;
				ENABLE_STRICT_OBJC_MSGSEND = YES;
				ENABLE_TESTABILITY = YES;
				GCC_C_LANGUAGE_STANDARD = gnu11;
				GCC_DYNAMIC_NO_PIC = NO;
				GCC_NO_COMMON_BLOCKS = YES;
				GCC_OPTIMIZATION_LEVEL = 0;
				GCC_PREPROCESSOR_DEFINITIONS = (
					"DEBUG=1",
					"$(inherited)",
				);
				GCC_WARN_64_TO_32_BIT_CONVERSION = YES;
				GCC_WARN_ABOUT_RETURN_TYPE = YES_ERROR;
				GCC_WARN_UNDECLARED_SELECTOR = YES;
				GCC_WARN_UNINITIALIZED_AUTOS = YES_AGGRESSIVE;
				GCC_WARN_UNUSED_FUNCTION = YES;
				GCC_WARN_UNUSED_VARIABLE = YES;
				IPHONEOS_DEPLOYMENT_TARGET = 11.2;
				MTL_ENABLE_DEBUG_INFO = YES;
				ONLY_ACTIVE_ARCH = YES;
				SDKROOT = iphoneos;
			};
			name = Debug;
		};
		1421E318209B0DA900A4C208 /* Release */ = {
			isa = XCBuildConfiguration;
			buildSettings = {
				ALWAYS_SEARCH_USER_PATHS = NO;
				CLANG_ANALYZER_NONNULL = YES;
				CLANG_ANALYZER_NUMBER_OBJECT_CONVERSION = YES_AGGRESSIVE;
				CLANG_CXX_LANGUAGE_STANDARD = "gnu++14";
				CLANG_CXX_LIBRARY = "libc++";
				CLANG_ENABLE_MODULES = YES;
				CLANG_ENABLE_OBJC_ARC = YES;
				CLANG_WARN_BLOCK_CAPTURE_AUTORELEASING = YES;
				CLANG_WARN_BOOL_CONVERSION = YES;
				CLANG_WARN_COMMA = YES;
				CLANG_WARN_CONSTANT_CONVERSION = YES;
				CLANG_WARN_DIRECT_OBJC_ISA_USAGE = YES_ERROR;
				CLANG_WARN_DOCUMENTATION_COMMENTS = YES;
				CLANG_WARN_EMPTY_BODY = YES;
				CLANG_WARN_ENUM_CONVERSION = YES;
				CLANG_WARN_INFINITE_RECURSION = YES;
				CLANG_WARN_INT_CONVERSION = YES;
				CLANG_WARN_NON_LITERAL_NULL_CONVERSION = YES;
				CLANG_WARN_OBJC_LITERAL_CONVERSION = YES;
				CLANG_WARN_OBJC_ROOT_CLASS = YES_ERROR;
				CLANG_WARN_RANGE_LOOP_ANALYSIS = YES;
				CLANG_WARN_STRICT_PROTOTYPES = YES;
				CLANG_WARN_SUSPICIOUS_MOVE = YES;
				CLANG_WARN_UNGUARDED_AVAILABILITY = YES_AGGRESSIVE;
				CLANG_WARN_UNREACHABLE_CODE = YES;
				CLANG_WARN__DUPLICATE_METHOD_MATCH = YES;
				CODE_SIGN_IDENTITY = "iPhone Developer";
				COPY_PHASE_STRIP = NO;
				DEBUG_INFORMATION_FORMAT = "dwarf-with-dsym";
				ENABLE_NS_ASSERTIONS = NO;
				ENABLE_STRICT_OBJC_MSGSEND = YES;
				GCC_C_LANGUAGE_STANDARD = gnu11;
				GCC_NO_COMMON_BLOCKS = YES;
				GCC_WARN_64_TO_32_BIT_CONVERSION = YES;
				GCC_WARN_ABOUT_RETURN_TYPE = YES_ERROR;
				GCC_WARN_UNDECLARED_SELECTOR = YES;
				GCC_WARN_UNINITIALIZED_AUTOS = YES_AGGRESSIVE;
				GCC_WARN_UNUSED_FUNCTION = YES;
				GCC_WARN_UNUSED_VARIABLE = YES;
				IPHONEOS_DEPLOYMENT_TARGET = 11.2;
				MTL_ENABLE_DEBUG_INFO = NO;
				SDKROOT = iphoneos;
				VALIDATE_PRODUCT = YES;
			};
			name = Release;
		};
		1421E31A209B0DA900A4C208 /* Debug */ = {
			isa = XCBuildConfiguration;
			buildSettings = {
				ASSETCATALOG_COMPILER_APPICON_NAME = AppIcon;
				CODE_SIGN_STYLE = Automatic;
				INFOPLIST_FILE = NavBack/Info.plist;
				LD_RUNPATH_SEARCH_PATHS = "$(inherited) @executable_path/Frameworks";
				PRODUCT_BUNDLE_IDENTIFIER = cppteam.ios.NavBack;
				PRODUCT_NAME = "$(TARGET_NAME)";
				TARGETED_DEVICE_FAMILY = "1,2";
			};
			name = Debug;
		};
		1421E31B209B0DA900A4C208 /* Release */ = {
			isa = XCBuildConfiguration;
			buildSettings = {
				ASSETCATALOG_COMPILER_APPICON_NAME = AppIcon;
				CODE_SIGN_STYLE = Automatic;
				INFOPLIST_FILE = NavBack/Info.plist;
				LD_RUNPATH_SEARCH_PATHS = "$(inherited) @executable_path/Frameworks";
				PRODUCT_BUNDLE_IDENTIFIER = cppteam.ios.NavBack;
				PRODUCT_NAME = "$(TARGET_NAME)";
				TARGETED_DEVICE_FAMILY = "1,2";
			};
			name = Release;
		};
/* End XCBuildConfiguration section */

/* Begin XCConfigurationList section */
		1421E2FE209B0DA900A4C208 /* Build configuration list for PBXProject "NavBack" */ = {
			isa = XCConfigurationList;
			buildConfigurations = (
				1421E317209B0DA900A4C208 /* Debug */,
				1421E318209B0DA900A4C208 /* Release */,
			);
			defaultConfigurationIsVisible = 0;
			defaultConfigurationName = Release;
		};
		1421E319209B0DA900A4C208 /* Build configuration list for PBXNativeTarget "NavBack" */ = {
			isa = XCConfigurationList;
			buildConfigurations = (
				1421E31A209B0DA900A4C208 /* Debug */,
				1421E31B209B0DA900A4C208 /* Release */,
			);
			defaultConfigurationIsVisible = 0;
			defaultConfigurationName = Release;
		};
/* End XCConfigurationList section */
	};
	rootObject = 1421E2FB209B0DA900A4C208 /* Project object */;
}
